github.com/davecgh/go-spew v1.1.1/go.mod h1:J7Y8YcW2NihsgmVo/mv3lAwl/skON4iLHjSsI+c5H38=
github.com/gojuno/generator v0.0.0-20180725114326-487ec858da35/go.mod h1:4IWfQdtkCP4cdnSO6aQTW1nS7jK6xGuhbZveVkPPFRg=
github.com/gojuno/minimock v1.9.2 h1:u3FcUNlG8pEagnwRBSvO3KhV3Fk74NhYCUE//6bhT2g=
github.com/gojuno/minimock v1.9.2/go.mod h1:iOiCj/XdRZn6P5/TzsbuF4SR+wPrvHs+nxZoFXuykfk=
github.com/jinzhu/inflection v1.0.0 h1:K317FqzuhWc8YvSVlFMCCUb36O/S9MCKRDI7QkRKD/E=
github.com/jinzhu/inflection v1.0.0/go.mod h1:h+uFLlag+Qp1Va5pdKtLDYj+kHp5pxUVkryuEj+Srlc=
github.com/jinzhu/now v1.1.4/go.mod h1:d3SSVoowX0Lcu0IBviAWJpolVfI5UJVZZ7cO71lE/z8=
github.com/jinzhu/now v1.1.5 h1:/o9tlHleP7gOFmsnYNz3RGnqzefHA47wQpKrrdTIwXQ=
github.com/jinzhu/now v1.1.5/go.mod h1:d3SSVoowX0Lcu0IBviAWJpolVfI5UJVZZ7cO71lE/z8=
github.com/marwan-at-work/vgop v0.0.0-20180824202541-054e5a7d7b48/go.mod h1:8stA9zbQyHdOhHaI1wWiChHxkAslblT3AzKm4y17CRU=
github.com/pmezard/go-difflib v1.0.0/go.mod h1:iKH77koFhYxTK1pcRnkKkqfTogsbg7gZNVY4sRDYZ/4=
github.com/stretchr/testify v1.2.2/go.mod h1:a8OnRcib4nhh0OaRAV+Yts87kKdq0PP7pXfy6kDkUVs=
golang.org/x/lint v0.0.0-20181026193005-c67002cb31c3/go.mod h1:UVdnD1Gm6xHRNCYTkRU2/jEulfH38KcIWyp/GAMgvoE=
golang.org/x/tools v0.0.0-20181105230042-78dc5bac0cac/go.mod h1:n7NCudcB/nEzxVGmLbDWY5pfWTLqBcC2KZ6jyYvM4mQ=
gorm.io/gorm v1.23.8 h1:h8sGJ+biDgBA1AD1Ha9gFCx7h8npU7AsLdlkX0n2TpE=
gorm.io/gorm v1.23.8/go.mod h1:l2lP/RyAtc1ynaTjFksBde/O8v9oOGIApu2/xRitmZk=
